
Microsoft Visual Studio Solution File, Format Version 12.00
# Visual Studio 2013
VisualStudioVersion = 12.0.21005.1
MinimumVisualStudioVersion = 10.0.40219.1
Project("{FAE04EC0-301F-11D3-BF4B-00C04F79EFBC}") = "vkAudio", "vkAudio\vkAudio.csproj", "{DD57D062-0E86-4BFA-87F8-C648D0C76DB2}"
EndProject
Project("{2150E333-8FDC-42A3-9474-1A3956D46DE8}") = "Solution Items", "Solution Items", "{B4000EB3-8C3E-4AA6-90F3-FEA4B31150F2}"
	ProjectSection(SolutionItems) = preProject
		Performance1.psess = Performance1.psess
		Performance2.psess = Performance2.psess
		Performance3.psess = Performance3.psess
	EndProjectSection
EndProject
Global
	GlobalSection(SolutionConfigurationPlatforms) = preSolution
		Debug|Any CPU = Debug|Any CPU
		Release|Any CPU = Release|Any CPU
	EndGlobalSection
	GlobalSection(ProjectConfigurationPlatforms) = postSolution
		{DD57D062-0E86-4BFA-87F8-C648D0C76DB2}.Debug|Any CPU.ActiveCfg = Debug|Any CPU
		{DD57D062-0E86-4BFA-87F8-C648D0C76DB2}.Debug|Any CPU.Build.0 = Debug|Any CPU
		{DD57D062-0E86-4BFA-87F8-C648D0C76DB2}.Release|Any CPU.ActiveCfg = Release|Any CPU
		{DD57D062-0E86-4BFA-87F8-C648D0C76DB2}.Release|Any CPU.Build.0 = Release|Any CPU
	EndGlobalSection
	GlobalSection(SolutionProperties) = preSolution
		HideSolutionNode = FALSE
	EndGlobalSection
	GlobalSection(Performance) = preSolution
		HasPerformanceSessions = true
	EndGlobalSection
EndGlobal
